{
  "name": "mineflayer-melee",
  "version": "0.0.1",
  "lockfileVersion": 2,
  "requires": true,
  "packages": {
    "": {
      "name": "mineflayer-melee",
      "version": "0.0.1",
      "license": "MIT",
      "dependencies": {
        "line3": "^0.0.8",
        "vec3": "^0.1.7"
      }
    },
    "node_modules/line3": {
      "version": "0.0.8",
      "resolved": "https://registry.npmjs.org/line3/-/line3-0.0.8.tgz",
      "integrity": "sha512-rkChwYMstk+Ihj0JQ4hNJN/Zbyv/Eg4Xurw4GqKJnTlvC6QC9yvpbtC2S2gmhFldwxTBSHDvaDXOWi4eu3CxDA==",
      "dependencies": {
        "vec3": "^0.1.7"
      }
    },
    "node_modules/vec3": {
      "version": "0.1.7",
      "resolved": "https://registry.npmjs.org/vec3/-/vec3-0.1.7.tgz",
      "integrity": "sha512-EZSeXBL+L3go2wWwtQQse4fEcNGIQjT14qvi4LYVj1ifZt/J5XZ1QZqkDuOVVH07YwTEIFbsAv3pzwUpF7x9Wg=="
    }
  },
  "dependencies": {
    "line3": {
      "version": "0.0.8",
      "resolved": "https://registry.npmjs.org/line3/-/line3-0.0.8.tgz",
      "integrity": "sha512-rkChwYMstk+Ihj0JQ4hNJN/Zbyv/Eg4Xurw4GqKJnTlvC6QC9yvpbtC2S2gmhFldwxTBSHDvaDXOWi4eu3CxDA==",
      "requires": {
        "vec3": "^0.1.7"
      }
    },
    "vec3": {
      "version": "0.1.7",
      "resolved": "https://registry.npmjs.org/vec3/-/vec3-0.1.7.tgz",
      "integrity": "sha512-EZSeXBL+L3go2wWwtQQse4fEcNGIQjT14qvi4LYVj1ifZt/J5XZ1QZqkDuOVVH07YwTEIFbsAv3pzwUpF7x9Wg=="
    }
  }
}
